
Microsoft Visual Studio Solution File, Format Version 12.00
# Visual Studio Version 17
VisualStudioVersion = 17.9.34723.18
MinimumVisualStudioVersion = 10.0.40219.1
Project("{9A19103F-16F7-4668-BE54-9A1E7A4F7556}") = "Employee.Management.system", "Employee.Management.system\Employee.Management.system.csproj", "{BC342F75-04EE-45AD-8204-884910E4C034}"
EndProject
Global
	GlobalSection(SolutionConfigurationPlatforms) = preSolution
		Debug|Any CPU = Debug|Any CPU
		Release|Any CPU = Release|Any CPU
	EndGlobalSection
	GlobalSection(ProjectConfigurationPlatforms) = postSolution
		{BC342F75-04EE-45AD-8204-884910E4C034}.Debug|Any CPU.ActiveCfg = Debug|Any CPU
		{BC342F75-04EE-45AD-8204-884910E4C034}.Debug|Any CPU.Build.0 = Debug|Any CPU
		{BC342F75-04EE-45AD-8204-884910E4C034}.Release|Any CPU.ActiveCfg = Release|Any CPU
		{BC342F75-04EE-45AD-8204-884910E4C034}.Release|Any CPU.Build.0 = Release|Any CPU
	EndGlobalSection
	GlobalSection(SolutionProperties) = preSolution
		HideSolutionNode = FALSE
	EndGlobalSection
	GlobalSection(ExtensibilityGlobals) = postSolution
		SolutionGuid = {DB55A96D-D0C0-484B-BBCC-F684131D6F15}
	EndGlobalSection
EndGlobal
